
Microsoft Visual Studio Solution File, Format Version 12.00
# Visual Studio Version 16
VisualStudioVersion = 16.0.31129.286
MinimumVisualStudioVersion = 10.0.40219.1
Project("{FAE04EC0-301F-11D3-BF4B-00C04F79EFBC}") = "RinconDelSaber.Android", "RinconDelSaber.Android\RinconDelSaber.Android.csproj", "{6B480E1E-210A-4C8B-8514-72351B2A1166}"
EndProject
Project("{FAE04EC0-301F-11D3-BF4B-00C04F79EFBC}") = "RinconDelSaber.iOS", "RinconDelSaber.iOS\RinconDelSaber.iOS.csproj", "{CA8EBB15-4FE2-494E-BF90-266E7B13EE2B}"
EndProject
Project("{9A19103F-16F7-4668-BE54-9A1E7A4F7556}") = "RinconDelSaber", "RinconDelSaber\RinconDelSaber.csproj", "{167800BC-5DF8-4674-89FE-D116EAC2FBED}"
EndProject
Global
	GlobalSection(SolutionConfigurationPlatforms) = preSolution
		Debug|Any CPU = Debug|Any CPU
		Debug|iPhone = Debug|iPhone
		Debug|iPhoneSimulator = Debug|iPhoneSimulator
		Release|Any CPU = Release|Any CPU
		Release|iPhone = Release|iPhone
		Release|iPhoneSimulator = Release|iPhoneSimulator
	EndGlobalSection
	GlobalSection(ProjectConfigurationPlatforms) = postSolution
		{6B480E1E-210A-4C8B-8514-72351B2A1166}.Debug|Any CPU.ActiveCfg = Debug|Any CPU
		{6B480E1E-210A-4C8B-8514-72351B2A1166}.Debug|Any CPU.Build.0 = Debug|Any CPU
		{6B480E1E-210A-4C8B-8514-72351B2A1166}.Debug|Any CPU.Deploy.0 = Debug|Any CPU
		{6B480E1E-210A-4C8B-8514-72351B2A1166}.Debug|iPhone.ActiveCfg = Debug|Any CPU
		{6B480E1E-210A-4C8B-8514-72351B2A1166}.Debug|iPhone.Build.0 = Debug|Any CPU
		{6B480E1E-210A-4C8B-8514-72351B2A1166}.Debug|iPhone.Deploy.0 = Debug|Any CPU
		{6B480E1E-210A-4C8B-8514-72351B2A1166}.Debug|iPhoneSimulator.ActiveCfg = Debug|Any CPU
		{6B480E1E-210A-4C8B-8514-72351B2A1166}.Debug|iPhoneSimulator.Build.0 = Debug|Any CPU
		{6B480E1E-210A-4C8B-8514-72351B2A1166}.Debug|iPhoneSimulator.Deploy.0 = Debug|Any CPU
		{6B480E1E-210A-4C8B-8514-72351B2A1166}.Release|Any CPU.ActiveCfg = Release|Any CPU
		{6B480E1E-210A-4C8B-8514-72351B2A1166}.Release|Any CPU.Build.0 = Release|Any CPU
		{6B480E1E-210A-4C8B-8514-72351B2A1166}.Release|Any CPU.Deploy.0 = Release|Any CPU
		{6B480E1E-210A-4C8B-8514-72351B2A1166}.Release|iPhone.ActiveCfg = Release|Any CPU
		{6B480E1E-210A-4C8B-8514-72351B2A1166}.Release|iPhone.Build.0 = Release|Any CPU
		{6B480E1E-210A-4C8B-8514-72351B2A1166}.Release|iPhone.Deploy.0 = Release|Any CPU
		{6B480E1E-210A-4C8B-8514-72351B2A1166}.Release|iPhoneSimulator.ActiveCfg = Release|Any CPU
		{6B480E1E-210A-4C8B-8514-72351B2A1166}.Release|iPhoneSimulator.Build.0 = Release|Any CPU
		{6B480E1E-210A-4C8B-8514-72351B2A1166}.Release|iPhoneSimulator.Deploy.0 = Release|Any CPU
		{CA8EBB15-4FE2-494E-BF90-266E7B13EE2B}.Debug|Any CPU.ActiveCfg = Debug|iPhone
		{CA8EBB15-4FE2-494E-BF90-266E7B13EE2B}.Debug|Any CPU.Build.0 = Debug|iPhone
		{CA8EBB15-4FE2-494E-BF90-266E7B13EE2B}.Debug|Any CPU.Deploy.0 = Debug|iPhone
		{CA8EBB15-4FE2-494E-BF90-266E7B13EE2B}.Debug|iPhone.ActiveCfg = Debug|iPhone
		{CA8EBB15-4FE2-494E-BF90-266E7B13EE2B}.Debug|iPhone.Build.0 = Debug|iPhone
		{CA8EBB15-4FE2-494E-BF90-266E7B13EE2B}.Debug|iPhone.Deploy.0 = Debug|iPhone
		{CA8EBB15-4FE2-494E-BF90-266E7B13EE2B}.Debug|iPhoneSimulator.ActiveCfg = Debug|iPhoneSimulator
		{CA8EBB15-4FE2-494E-BF90-266E7B13EE2B}.Debug|iPhoneSimulator.Build.0 = Debug|iPhoneSimulator
		{CA8EBB15-4FE2-494E-BF90-266E7B13EE2B}.Debug|iPhoneSimulator.Deploy.0 = Debug|iPhoneSimulator
		{CA8EBB15-4FE2-494E-BF90-266E7B13EE2B}.Release|Any CPU.ActiveCfg = Release|iPhoneSimulator
		{CA8EBB15-4FE2-494E-BF90-266E7B13EE2B}.Release|Any CPU.Build.0 = Release|iPhoneSimulator
		{CA8EBB15-4FE2-494E-BF90-266E7B13EE2B}.Release|Any CPU.Deploy.0 = Release|iPhoneSimulator
		{CA8EBB15-4FE2-494E-BF90-266E7B13EE2B}.Release|iPhone.ActiveCfg = Release|iPhone
		{CA8EBB15-4FE2-494E-BF90-266E7B13EE2B}.Release|iPhone.Build.0 = Release|iPhone
		{CA8EBB15-4FE2-494E-BF90-266E7B13EE2B}.Release|iPhone.Deploy.0 = Release|iPhone
		{CA8EBB15-4FE2-494E-BF90-266E7B13EE2B}.Release|iPhoneSimulator.ActiveCfg = Release|iPhoneSimulator
		{CA8EBB15-4FE2-494E-BF90-266E7B13EE2B}.Release|iPhoneSimulator.Build.0 = Release|iPhoneSimulator
		{CA8EBB15-4FE2-494E-BF90-266E7B13EE2B}.Release|iPhoneSimulator.Deploy.0 = Release|iPhoneSimulator
		{167800BC-5DF8-4674-89FE-D116EAC2FBED}.Debug|Any CPU.ActiveCfg = Debug|Any CPU
		{167800BC-5DF8-4674-89FE-D116EAC2FBED}.Debug|Any CPU.Build.0 = Debug|Any CPU
		{167800BC-5DF8-4674-89FE-D116EAC2FBED}.Debug|Any CPU.Deploy.0 = Debug|Any CPU
		{167800BC-5DF8-4674-89FE-D116EAC2FBED}.Debug|iPhone.ActiveCfg = Debug|Any CPU
		{167800BC-5DF8-4674-89FE-D116EAC2FBED}.Debug|iPhone.Build.0 = Debug|Any CPU
		{167800BC-5DF8-4674-89FE-D116EAC2FBED}.Debug|iPhone.Deploy.0 = Debug|Any CPU
		{167800BC-5DF8-4674-89FE-D116EAC2FBED}.Debug|iPhoneSimulator.ActiveCfg = Debug|Any CPU
		{167800BC-5DF8-4674-89FE-D116EAC2FBED}.Debug|iPhoneSimulator.Build.0 = Debug|Any CPU
		{167800BC-5DF8-4674-89FE-D116EAC2FBED}.Debug|iPhoneSimulator.Deploy.0 = Debug|Any CPU
		{167800BC-5DF8-4674-89FE-D116EAC2FBED}.Release|Any CPU.ActiveCfg = Release|Any CPU
		{167800BC-5DF8-4674-89FE-D116EAC2FBED}.Release|Any CPU.Build.0 = Release|Any CPU
		{167800BC-5DF8-4674-89FE-D116EAC2FBED}.Release|Any CPU.Deploy.0 = Release|Any CPU
		{167800BC-5DF8-4674-89FE-D116EAC2FBED}.Release|iPhone.ActiveCfg = Release|Any CPU
		{167800BC-5DF8-4674-89FE-D116EAC2FBED}.Release|iPhone.Build.0 = Release|Any CPU
		{167800BC-5DF8-4674-89FE-D116EAC2FBED}.Release|iPhone.Deploy.0 = Release|Any CPU
		{167800BC-5DF8-4674-89FE-D116EAC2FBED}.Release|iPhoneSimulator.ActiveCfg = Release|Any CPU
		{167800BC-5DF8-4674-89FE-D116EAC2FBED}.Release|iPhoneSimulator.Build.0 = Release|Any CPU
		{167800BC-5DF8-4674-89FE-D116EAC2FBED}.Release|iPhoneSimulator.Deploy.0 = Release|Any CPU
	EndGlobalSection
	GlobalSection(SolutionProperties) = preSolution
		HideSolutionNode = FALSE
	EndGlobalSection
	GlobalSection(ExtensibilityGlobals) = postSolution
		SolutionGuid = {476C660A-B348-46ED-8BBE-BE0FAA6D3F8C}
	EndGlobalSection
EndGlobal
